
Microsoft Visual Studio Solution File, Format Version 10.00
# Visual Studio 2008
Project("{8BC9CEB8-8B4A-11D0-8D11-00A0C91BC942}") = "QSFML", "QSFML\QSFML.vcproj", "{990F828A-E572-4FA1-AB55-F941984A23B6}"
EndProject
Global
	GlobalSection(SolutionConfigurationPlatforms) = preSolution
		Debug|Win32 = Debug|Win32
		Release|Win32 = Release|Win32
	EndGlobalSection
	GlobalSection(ProjectConfigurationPlatforms) = postSolution
		{990F828A-E572-4FA1-AB55-F941984A23B6}.Debug|Win32.ActiveCfg = Debug|Win32
		{990F828A-E572-4FA1-AB55-F941984A23B6}.Debug|Win32.Build.0 = Debug|Win32
		{990F828A-E572-4FA1-AB55-F941984A23B6}.Release|Win32.ActiveCfg = Release|Win32
		{990F828A-E572-4FA1-AB55-F941984A23B6}.Release|Win32.Build.0 = Release|Win32
	EndGlobalSection
	GlobalSection(SolutionProperties) = preSolution
		HideSolutionNode = FALSE
	EndGlobalSection
EndGlobal
