
Microsoft Visual Studio Solution File, Format Version 10.00
# Visual Studio 2008
Project("{8BC9CEB8-8B4A-11D0-8D11-00A0C91BC942}") = "MineGE", "MineGE\MineGE.vcproj", "{0EAE4A0E-20C4-4295-A493-396DD5C29858}"
	ProjectSection(ProjectDependencies) = postProject
		{DBCE3EDF-255D-4BF8-8788-75A895E93CA1} = {DBCE3EDF-255D-4BF8-8788-75A895E93CA1}
		{E73D4DDF-2EB8-499B-9468-C8A7770734D7} = {E73D4DDF-2EB8-499B-9468-C8A7770734D7}
		{57F120E0-BF2A-4D54-A2A2-B87F187AB2AB} = {57F120E0-BF2A-4D54-A2A2-B87F187AB2AB}
	EndProjectSection
EndProject
Project("{8BC9CEB8-8B4A-11D0-8D11-00A0C91BC942}") = "DefGE", "DefGE\DefGE.vcproj", "{A1FA108A-05D5-4B2F-BBFD-9F5C13B7BF30}"
	ProjectSection(ProjectDependencies) = postProject
		{0EAE4A0E-20C4-4295-A493-396DD5C29858} = {0EAE4A0E-20C4-4295-A493-396DD5C29858}
		{DBCE3EDF-255D-4BF8-8788-75A895E93CA1} = {DBCE3EDF-255D-4BF8-8788-75A895E93CA1}
	EndProjectSection
EndProject
Project("{8BC9CEB8-8B4A-11D0-8D11-00A0C91BC942}") = "DefGEPlugin", "DefGEPlugin\DefGEPlugin.vcproj", "{BCD929A5-3A63-402F-9012-0E449C6383E8}"
	ProjectSection(ProjectDependencies) = postProject
		{DBCE3EDF-255D-4BF8-8788-75A895E93CA1} = {DBCE3EDF-255D-4BF8-8788-75A895E93CA1}
		{57F120E0-BF2A-4D54-A2A2-B87F187AB2AB} = {57F120E0-BF2A-4D54-A2A2-B87F187AB2AB}
	EndProjectSection
EndProject
Project("{8BC9CEB8-8B4A-11D0-8D11-00A0C91BC942}") = "MineGECmds", "MineGECmds\MineGECmds.vcproj", "{1F5F020F-0F5B-42F4-BB46-C8383A5C6EA6}"
	ProjectSection(ProjectDependencies) = postProject
		{0EAE4A0E-20C4-4295-A493-396DD5C29858} = {0EAE4A0E-20C4-4295-A493-396DD5C29858}
		{A1FA108A-05D5-4B2F-BBFD-9F5C13B7BF30} = {A1FA108A-05D5-4B2F-BBFD-9F5C13B7BF30}
		{E73D4DDF-2EB8-499B-9468-C8A7770734D7} = {E73D4DDF-2EB8-499B-9468-C8A7770734D7}
		{57F120E0-BF2A-4D54-A2A2-B87F187AB2AB} = {57F120E0-BF2A-4D54-A2A2-B87F187AB2AB}
	EndProjectSection
EndProject
Project("{8BC9CEB8-8B4A-11D0-8D11-00A0C91BC942}") = "VentNetworkAlgo", "VentNetworkAlgo\VentNetworkAlgo.vcproj", "{5EDDD360-25D7-4D4A-B871-D4B4C76AEE8F}"
	ProjectSection(ProjectDependencies) = postProject
		{0EAE4A0E-20C4-4295-A493-396DD5C29858} = {0EAE4A0E-20C4-4295-A493-396DD5C29858}
		{115EFA2E-0A90-405B-8395-B75A4C6F32A1} = {115EFA2E-0A90-405B-8395-B75A4C6F32A1}
		{A1FA108A-05D5-4B2F-BBFD-9F5C13B7BF30} = {A1FA108A-05D5-4B2F-BBFD-9F5C13B7BF30}
		{C35553B3-2AB9-412C-A476-22A0AD48B14D} = {C35553B3-2AB9-412C-A476-22A0AD48B14D}
		{E73D4DDF-2EB8-499B-9468-C8A7770734D7} = {E73D4DDF-2EB8-499B-9468-C8A7770734D7}
	EndProjectSection
EndProject
Project("{8BC9CEB8-8B4A-11D0-8D11-00A0C91BC942}") = "VentEvaluate", "VentEvaluate\VentEvaluate.vcproj", "{B9057564-2920-4FAB-BC04-580677013746}"
	ProjectSection(ProjectDependencies) = postProject
		{0EAE4A0E-20C4-4295-A493-396DD5C29858} = {0EAE4A0E-20C4-4295-A493-396DD5C29858}
		{5EDDD360-25D7-4D4A-B871-D4B4C76AEE8F} = {5EDDD360-25D7-4D4A-B871-D4B4C76AEE8F}
		{73AB34CD-D7C4-4465-86C9-7227719C1E49} = {73AB34CD-D7C4-4465-86C9-7227719C1E49}
		{E73D4DDF-2EB8-499B-9468-C8A7770734D7} = {E73D4DDF-2EB8-499B-9468-C8A7770734D7}
		{8D2B76E4-2F85-4108-90AE-52E052B598DE} = {8D2B76E4-2F85-4108-90AE-52E052B598DE}
	EndProjectSection
EndProject
Project("{8BC9CEB8-8B4A-11D0-8D11-00A0C91BC942}") = "EvalBase", "EvalBase\EvalBase.vcproj", "{73AB34CD-D7C4-4465-86C9-7227719C1E49}"
	ProjectSection(ProjectDependencies) = postProject
		{8D2B76E4-2F85-4108-90AE-52E052B598DE} = {8D2B76E4-2F85-4108-90AE-52E052B598DE}
	EndProjectSection
EndProject
Project("{8BC9CEB8-8B4A-11D0-8D11-00A0C91BC942}") = "MineGEDraw", "MineGEDraw\MineGEDraw.vcproj", "{57F120E0-BF2A-4D54-A2A2-B87F187AB2AB}"
	ProjectSection(ProjectDependencies) = postProject
		{DBCE3EDF-255D-4BF8-8788-75A895E93CA1} = {DBCE3EDF-255D-4BF8-8788-75A895E93CA1}
	EndProjectSection
EndProject
Project("{8BC9CEB8-8B4A-11D0-8D11-00A0C91BC942}") = "ArxDbgXdata", "ArxDbgXdata\ArxDbgXdata.vcproj", "{DBCE3EDF-255D-4BF8-8788-75A895E93CA1}"
EndProject
Project("{8BC9CEB8-8B4A-11D0-8D11-00A0C91BC942}") = "AFC", "AFC\AFC.vcproj", "{ECD7F84B-7314-4257-9500-B22F25E5066A}"
	ProjectSection(ProjectDependencies) = postProject
		{8D2B76E4-2F85-4108-90AE-52E052B598DE} = {8D2B76E4-2F85-4108-90AE-52E052B598DE}
	EndProjectSection
EndProject
Project("{8BC9CEB8-8B4A-11D0-8D11-00A0C91BC942}") = "DaoHelper", "DaoHelper\DaoHelper.vcproj", "{8D2B76E4-2F85-4108-90AE-52E052B598DE}"
EndProject
Project("{8BC9CEB8-8B4A-11D0-8D11-00A0C91BC942}") = "CMSR2010", "CMSR2010\CMSR2010.vcproj", "{03F1D908-A495-4FA4-ABB6-60E57DEF5872}"
	ProjectSection(ProjectDependencies) = postProject
		{0EAE4A0E-20C4-4295-A493-396DD5C29858} = {0EAE4A0E-20C4-4295-A493-396DD5C29858}
		{ECD7F84B-7314-4257-9500-B22F25E5066A} = {ECD7F84B-7314-4257-9500-B22F25E5066A}
		{5EDDD360-25D7-4D4A-B871-D4B4C76AEE8F} = {5EDDD360-25D7-4D4A-B871-D4B4C76AEE8F}
		{73AB34CD-D7C4-4465-86C9-7227719C1E49} = {73AB34CD-D7C4-4465-86C9-7227719C1E49}
		{E73D4DDF-2EB8-499B-9468-C8A7770734D7} = {E73D4DDF-2EB8-499B-9468-C8A7770734D7}
		{8D2B76E4-2F85-4108-90AE-52E052B598DE} = {8D2B76E4-2F85-4108-90AE-52E052B598DE}
	EndProjectSection
EndProject
Project("{8BC9CEB8-8B4A-11D0-8D11-00A0C91BC942}") = "GasGE", "GasGE\GasGE.vcproj", "{56008284-9B84-4E41-8FA6-AA8B56857B08}"
	ProjectSection(ProjectDependencies) = postProject
		{0EAE4A0E-20C4-4295-A493-396DD5C29858} = {0EAE4A0E-20C4-4295-A493-396DD5C29858}
		{DBCE3EDF-255D-4BF8-8788-75A895E93CA1} = {DBCE3EDF-255D-4BF8-8788-75A895E93CA1}
	EndProjectSection
EndProject
Project("{8BC9CEB8-8B4A-11D0-8D11-00A0C91BC942}") = "GasGEPlugin", "GasGEPlugin\GasGEPlugin.vcproj", "{461A7C89-B5D5-45FD-A4BA-E1E6DEF90773}"
	ProjectSection(ProjectDependencies) = postProject
		{DBCE3EDF-255D-4BF8-8788-75A895E93CA1} = {DBCE3EDF-255D-4BF8-8788-75A895E93CA1}
		{57F120E0-BF2A-4D54-A2A2-B87F187AB2AB} = {57F120E0-BF2A-4D54-A2A2-B87F187AB2AB}
	EndProjectSection
EndProject
Project("{8BC9CEB8-8B4A-11D0-8D11-00A0C91BC942}") = "DrawVentCmd", "DrawVentCmd\DrawVentCmd.vcproj", "{1F56A259-12A4-4D06-AC69-647AFAD20A7B}"
	ProjectSection(ProjectDependencies) = postProject
		{0EAE4A0E-20C4-4295-A493-396DD5C29858} = {0EAE4A0E-20C4-4295-A493-396DD5C29858}
		{A1FA108A-05D5-4B2F-BBFD-9F5C13B7BF30} = {A1FA108A-05D5-4B2F-BBFD-9F5C13B7BF30}
		{E73D4DDF-2EB8-499B-9468-C8A7770734D7} = {E73D4DDF-2EB8-499B-9468-C8A7770734D7}
	EndProjectSection
EndProject
Project("{8BC9CEB8-8B4A-11D0-8D11-00A0C91BC942}") = "DrawGasCmd", "DrawGasCmd\DrawGasCmd.vcproj", "{8FC88B4C-6245-4DDB-8B55-B9F1DAA658A3}"
	ProjectSection(ProjectDependencies) = postProject
		{0EAE4A0E-20C4-4295-A493-396DD5C29858} = {0EAE4A0E-20C4-4295-A493-396DD5C29858}
		{56008284-9B84-4E41-8FA6-AA8B56857B08} = {56008284-9B84-4E41-8FA6-AA8B56857B08}
		{E73D4DDF-2EB8-499B-9468-C8A7770734D7} = {E73D4DDF-2EB8-499B-9468-C8A7770734D7}
	EndProjectSection
EndProject
Project("{8BC9CEB8-8B4A-11D0-8D11-00A0C91BC942}") = "VNC", "VNC\VNC.vcproj", "{855FDE88-6AC1-4AF0-8E23-B657E6C9A6DA}"
EndProject
Project("{8BC9CEB8-8B4A-11D0-8D11-00A0C91BC942}") = "ARX_VNC", "ARX_VNC\ARX_VNC.vcproj", "{330E892B-C4B2-4700-A376-AEC30A45CAE7}"
	ProjectSection(ProjectDependencies) = postProject
		{0EAE4A0E-20C4-4295-A493-396DD5C29858} = {0EAE4A0E-20C4-4295-A493-396DD5C29858}
		{115EFA2E-0A90-405B-8395-B75A4C6F32A1} = {115EFA2E-0A90-405B-8395-B75A4C6F32A1}
		{855FDE88-6AC1-4AF0-8E23-B657E6C9A6DA} = {855FDE88-6AC1-4AF0-8E23-B657E6C9A6DA}
		{C35553B3-2AB9-412C-A476-22A0AD48B14D} = {C35553B3-2AB9-412C-A476-22A0AD48B14D}
	EndProjectSection
EndProject
Project("{8BC9CEB8-8B4A-11D0-8D11-00A0C91BC942}") = "AllTests", "AllTests\AllTests.vcproj", "{35B25F76-6556-4DA6-8C10-24332B3F79D6}"
	ProjectSection(ProjectDependencies) = postProject
		{0EAE4A0E-20C4-4295-A493-396DD5C29858} = {0EAE4A0E-20C4-4295-A493-396DD5C29858}
		{ECD7F84B-7314-4257-9500-B22F25E5066A} = {ECD7F84B-7314-4257-9500-B22F25E5066A}
		{73AB34CD-D7C4-4465-86C9-7227719C1E49} = {73AB34CD-D7C4-4465-86C9-7227719C1E49}
		{E73D4DDF-2EB8-499B-9468-C8A7770734D7} = {E73D4DDF-2EB8-499B-9468-C8A7770734D7}
		{8D2B76E4-2F85-4108-90AE-52E052B598DE} = {8D2B76E4-2F85-4108-90AE-52E052B598DE}
	EndProjectSection
EndProject
Project("{8BC9CEB8-8B4A-11D0-8D11-00A0C91BC942}") = "GraphTool", "GraphTool\GraphTool.vcproj", "{C35553B3-2AB9-412C-A476-22A0AD48B14D}"
	ProjectSection(ProjectDependencies) = postProject
		{0EAE4A0E-20C4-4295-A493-396DD5C29858} = {0EAE4A0E-20C4-4295-A493-396DD5C29858}
		{115EFA2E-0A90-405B-8395-B75A4C6F32A1} = {115EFA2E-0A90-405B-8395-B75A4C6F32A1}
		{A1FA108A-05D5-4B2F-BBFD-9F5C13B7BF30} = {A1FA108A-05D5-4B2F-BBFD-9F5C13B7BF30}
		{E73D4DDF-2EB8-499B-9468-C8A7770734D7} = {E73D4DDF-2EB8-499B-9468-C8A7770734D7}
	EndProjectSection
EndProject
Project("{8BC9CEB8-8B4A-11D0-8D11-00A0C91BC942}") = "ARX_VNGGen", "ARX_VNGGen\ARX_VNGGen.vcproj", "{54C197CA-90B7-460D-95AC-0435DDA72203}"
	ProjectSection(ProjectDependencies) = postProject
		{0EAE4A0E-20C4-4295-A493-396DD5C29858} = {0EAE4A0E-20C4-4295-A493-396DD5C29858}
		{C35553B3-2AB9-412C-A476-22A0AD48B14D} = {C35553B3-2AB9-412C-A476-22A0AD48B14D}
		{39FF75BA-879C-465C-BEFC-6CF30FAA0142} = {39FF75BA-879C-465C-BEFC-6CF30FAA0142}
		{E73D4DDF-2EB8-499B-9468-C8A7770734D7} = {E73D4DDF-2EB8-499B-9468-C8A7770734D7}
	EndProjectSection
EndProject
Project("{8BC9CEB8-8B4A-11D0-8D11-00A0C91BC942}") = "VNGGen", "VNGGen\VNGGen.vcproj", "{39FF75BA-879C-465C-BEFC-6CF30FAA0142}"
EndProject
Project("{8BC9CEB8-8B4A-11D0-8D11-00A0C91BC942}") = "ARX_MVSS", "ARX_MVSS\ARX_MVSS.vcproj", "{AA5EEDB4-89D6-493B-AE54-E9B47F7AE342}"
	ProjectSection(ProjectDependencies) = postProject
		{0EAE4A0E-20C4-4295-A493-396DD5C29858} = {0EAE4A0E-20C4-4295-A493-396DD5C29858}
		{A1FA108A-05D5-4B2F-BBFD-9F5C13B7BF30} = {A1FA108A-05D5-4B2F-BBFD-9F5C13B7BF30}
		{C35553B3-2AB9-412C-A476-22A0AD48B14D} = {C35553B3-2AB9-412C-A476-22A0AD48B14D}
		{8D2B76E4-2F85-4108-90AE-52E052B598DE} = {8D2B76E4-2F85-4108-90AE-52E052B598DE}
	EndProjectSection
EndProject
Project("{8BC9CEB8-8B4A-11D0-8D11-00A0C91BC942}") = "DataInit", "DataInit\DataInit.vcproj", "{359A6918-F561-420E-9426-A56CFA4176D2}"
	ProjectSection(ProjectDependencies) = postProject
		{0EAE4A0E-20C4-4295-A493-396DD5C29858} = {0EAE4A0E-20C4-4295-A493-396DD5C29858}
	EndProjectSection
EndProject
Project("{8BC9CEB8-8B4A-11D0-8D11-00A0C91BC942}") = "Tool", "Tool\Tool.vcproj", "{115EFA2E-0A90-405B-8395-B75A4C6F32A1}"
EndProject
Project("{8BC9CEB8-8B4A-11D0-8D11-00A0C91BC942}") = "VVLoader", "VVLoader\VVLoader.vcproj", "{E0E104AE-921E-42A4-B2C9-7F5D60BCDC0F}"
	ProjectSection(ProjectDependencies) = postProject
		{57F120E0-BF2A-4D54-A2A2-B87F187AB2AB} = {57F120E0-BF2A-4D54-A2A2-B87F187AB2AB}
	EndProjectSection
EndProject
Project("{8BC9CEB8-8B4A-11D0-8D11-00A0C91BC942}") = "ArxHelper", "ArxHelper\ArxHelper.vcproj", "{E73D4DDF-2EB8-499B-9468-C8A7770734D7}"
EndProject
Project("{8BC9CEB8-8B4A-11D0-8D11-00A0C91BC942}") = "ARX_Contour", "ARX_Contour\ARX_Contour.vcproj", "{1630D080-BEA3-447D-95EA-8E5C854B809D}"
	ProjectSection(ProjectDependencies) = postProject
		{0EAE4A0E-20C4-4295-A493-396DD5C29858} = {0EAE4A0E-20C4-4295-A493-396DD5C29858}
		{10927C41-65B4-4953-A569-7869C75253EE} = {10927C41-65B4-4953-A569-7869C75253EE}
		{56008284-9B84-4E41-8FA6-AA8B56857B08} = {56008284-9B84-4E41-8FA6-AA8B56857B08}
		{E73D4DDF-2EB8-499B-9468-C8A7770734D7} = {E73D4DDF-2EB8-499B-9468-C8A7770734D7}
	EndProjectSection
EndProject
Project("{8BC9CEB8-8B4A-11D0-8D11-00A0C91BC942}") = "Contour", "Contour\Contour.vcproj", "{10927C41-65B4-4953-A569-7869C75253EE}"
EndProject
Project("{8BC9CEB8-8B4A-11D0-8D11-00A0C91BC942}") = "FFC_GE", "FFC_GE\FFC_GE.vcproj", "{8D311036-D587-4147-AAEC-8DB710F2DE25}"
	ProjectSection(ProjectDependencies) = postProject
		{0EAE4A0E-20C4-4295-A493-396DD5C29858} = {0EAE4A0E-20C4-4295-A493-396DD5C29858}
		{DBCE3EDF-255D-4BF8-8788-75A895E93CA1} = {DBCE3EDF-255D-4BF8-8788-75A895E93CA1}
	EndProjectSection
EndProject
Project("{8BC9CEB8-8B4A-11D0-8D11-00A0C91BC942}") = "FFC_GEPlugin", "FFC_GEPlugin\FFC_GEPlugin.vcproj", "{7812C088-37E2-41E0-A745-17FA37D1D8D9}"
	ProjectSection(ProjectDependencies) = postProject
		{DBCE3EDF-255D-4BF8-8788-75A895E93CA1} = {DBCE3EDF-255D-4BF8-8788-75A895E93CA1}
		{57F120E0-BF2A-4D54-A2A2-B87F187AB2AB} = {57F120E0-BF2A-4D54-A2A2-B87F187AB2AB}
	EndProjectSection
EndProject
Project("{8BC9CEB8-8B4A-11D0-8D11-00A0C91BC942}") = "DrawFFCCmd", "DrawFFCCmd\DrawFFCCmd.vcproj", "{A35DEED3-A82F-4041-9238-21A5B60CD001}"
	ProjectSection(ProjectDependencies) = postProject
		{0EAE4A0E-20C4-4295-A493-396DD5C29858} = {0EAE4A0E-20C4-4295-A493-396DD5C29858}
		{8D311036-D587-4147-AAEC-8DB710F2DE25} = {8D311036-D587-4147-AAEC-8DB710F2DE25}
		{A1FA108A-05D5-4B2F-BBFD-9F5C13B7BF30} = {A1FA108A-05D5-4B2F-BBFD-9F5C13B7BF30}
		{E73D4DDF-2EB8-499B-9468-C8A7770734D7} = {E73D4DDF-2EB8-499B-9468-C8A7770734D7}
	EndProjectSection
EndProject
Project("{8BC9CEB8-8B4A-11D0-8D11-00A0C91BC942}") = "ARX_FFC", "ARX_FFC\ARX_FFC.vcproj", "{089EA8D2-DD49-4788-AB85-BEC276705A60}"
	ProjectSection(ProjectDependencies) = postProject
		{0EAE4A0E-20C4-4295-A493-396DD5C29858} = {0EAE4A0E-20C4-4295-A493-396DD5C29858}
		{8D311036-D587-4147-AAEC-8DB710F2DE25} = {8D311036-D587-4147-AAEC-8DB710F2DE25}
		{E73D4DDF-2EB8-499B-9468-C8A7770734D7} = {E73D4DDF-2EB8-499B-9468-C8A7770734D7}
	EndProjectSection
EndProject
Global
	GlobalSection(SolutionConfigurationPlatforms) = preSolution
		Debug|Any CPU = Debug|Any CPU
		Debug|Mixed Platforms = Debug|Mixed Platforms
		Debug|Win32 = Debug|Win32
		Release|Any CPU = Release|Any CPU
		Release|Mixed Platforms = Release|Mixed Platforms
		Release|Win32 = Release|Win32
	EndGlobalSection
	GlobalSection(ProjectConfigurationPlatforms) = postSolution
		{0EAE4A0E-20C4-4295-A493-396DD5C29858}.Debug|Any CPU.ActiveCfg = Debug|Win32
		{0EAE4A0E-20C4-4295-A493-396DD5C29858}.Debug|Mixed Platforms.ActiveCfg = Debug|Win32
		{0EAE4A0E-20C4-4295-A493-396DD5C29858}.Debug|Mixed Platforms.Build.0 = Debug|Win32
		{0EAE4A0E-20C4-4295-A493-396DD5C29858}.Debug|Win32.ActiveCfg = Debug|Win32
		{0EAE4A0E-20C4-4295-A493-396DD5C29858}.Debug|Win32.Build.0 = Debug|Win32
		{0EAE4A0E-20C4-4295-A493-396DD5C29858}.Release|Any CPU.ActiveCfg = Release|Win32
		{0EAE4A0E-20C4-4295-A493-396DD5C29858}.Release|Mixed Platforms.ActiveCfg = Release|Win32
		{0EAE4A0E-20C4-4295-A493-396DD5C29858}.Release|Mixed Platforms.Build.0 = Release|Win32
		{0EAE4A0E-20C4-4295-A493-396DD5C29858}.Release|Win32.ActiveCfg = Release|Win32
		{0EAE4A0E-20C4-4295-A493-396DD5C29858}.Release|Win32.Build.0 = Release|Win32
		{A1FA108A-05D5-4B2F-BBFD-9F5C13B7BF30}.Debug|Any CPU.ActiveCfg = Debug|Win32
		{A1FA108A-05D5-4B2F-BBFD-9F5C13B7BF30}.Debug|Mixed Platforms.ActiveCfg = Debug|Win32
		{A1FA108A-05D5-4B2F-BBFD-9F5C13B7BF30}.Debug|Mixed Platforms.Build.0 = Debug|Win32
		{A1FA108A-05D5-4B2F-BBFD-9F5C13B7BF30}.Debug|Win32.ActiveCfg = Debug|Win32
		{A1FA108A-05D5-4B2F-BBFD-9F5C13B7BF30}.Debug|Win32.Build.0 = Debug|Win32
		{A1FA108A-05D5-4B2F-BBFD-9F5C13B7BF30}.Release|Any CPU.ActiveCfg = Release|Win32
		{A1FA108A-05D5-4B2F-BBFD-9F5C13B7BF30}.Release|Mixed Platforms.ActiveCfg = Release|Win32
		{A1FA108A-05D5-4B2F-BBFD-9F5C13B7BF30}.Release|Mixed Platforms.Build.0 = Release|Win32
		{A1FA108A-05D5-4B2F-BBFD-9F5C13B7BF30}.Release|Win32.ActiveCfg = Release|Win32
		{A1FA108A-05D5-4B2F-BBFD-9F5C13B7BF30}.Release|Win32.Build.0 = Release|Win32
		{BCD929A5-3A63-402F-9012-0E449C6383E8}.Debug|Any CPU.ActiveCfg = Debug|Win32
		{BCD929A5-3A63-402F-9012-0E449C6383E8}.Debug|Mixed Platforms.ActiveCfg = Debug|Win32
		{BCD929A5-3A63-402F-9012-0E449C6383E8}.Debug|Mixed Platforms.Build.0 = Debug|Win32
		{BCD929A5-3A63-402F-9012-0E449C6383E8}.Debug|Win32.ActiveCfg = Debug|Win32
		{BCD929A5-3A63-402F-9012-0E449C6383E8}.Debug|Win32.Build.0 = Debug|Win32
		{BCD929A5-3A63-402F-9012-0E449C6383E8}.Release|Any CPU.ActiveCfg = Release|Win32
		{BCD929A5-3A63-402F-9012-0E449C6383E8}.Release|Mixed Platforms.ActiveCfg = Release|Win32
		{BCD929A5-3A63-402F-9012-0E449C6383E8}.Release|Mixed Platforms.Build.0 = Release|Win32
		{BCD929A5-3A63-402F-9012-0E449C6383E8}.Release|Win32.ActiveCfg = Release|Win32
		{BCD929A5-3A63-402F-9012-0E449C6383E8}.Release|Win32.Build.0 = Release|Win32
		{1F5F020F-0F5B-42F4-BB46-C8383A5C6EA6}.Debug|Any CPU.ActiveCfg = Debug|Win32
		{1F5F020F-0F5B-42F4-BB46-C8383A5C6EA6}.Debug|Mixed Platforms.ActiveCfg = Debug|Win32
		{1F5F020F-0F5B-42F4-BB46-C8383A5C6EA6}.Debug|Mixed Platforms.Build.0 = Debug|Win32
		{1F5F020F-0F5B-42F4-BB46-C8383A5C6EA6}.Debug|Win32.ActiveCfg = Debug|Win32
		{1F5F020F-0F5B-42F4-BB46-C8383A5C6EA6}.Debug|Win32.Build.0 = Debug|Win32
		{1F5F020F-0F5B-42F4-BB46-C8383A5C6EA6}.Release|Any CPU.ActiveCfg = Release|Win32
		{1F5F020F-0F5B-42F4-BB46-C8383A5C6EA6}.Release|Mixed Platforms.ActiveCfg = Release|Win32
		{1F5F020F-0F5B-42F4-BB46-C8383A5C6EA6}.Release|Mixed Platforms.Build.0 = Release|Win32
		{1F5F020F-0F5B-42F4-BB46-C8383A5C6EA6}.Release|Win32.ActiveCfg = Release|Win32
		{1F5F020F-0F5B-42F4-BB46-C8383A5C6EA6}.Release|Win32.Build.0 = Release|Win32
		{5EDDD360-25D7-4D4A-B871-D4B4C76AEE8F}.Debug|Any CPU.ActiveCfg = Debug|Win32
		{5EDDD360-25D7-4D4A-B871-D4B4C76AEE8F}.Debug|Mixed Platforms.ActiveCfg = Debug|Win32
		{5EDDD360-25D7-4D4A-B871-D4B4C76AEE8F}.Debug|Mixed Platforms.Build.0 = Debug|Win32
		{5EDDD360-25D7-4D4A-B871-D4B4C76AEE8F}.Debug|Win32.ActiveCfg = Debug|Win32
		{5EDDD360-25D7-4D4A-B871-D4B4C76AEE8F}.Debug|Win32.Build.0 = Debug|Win32
		{5EDDD360-25D7-4D4A-B871-D4B4C76AEE8F}.Release|Any CPU.ActiveCfg = Release|Win32
		{5EDDD360-25D7-4D4A-B871-D4B4C76AEE8F}.Release|Mixed Platforms.ActiveCfg = Release|Win32
		{5EDDD360-25D7-4D4A-B871-D4B4C76AEE8F}.Release|Mixed Platforms.Build.0 = Release|Win32
		{5EDDD360-25D7-4D4A-B871-D4B4C76AEE8F}.Release|Win32.ActiveCfg = Release|Win32
		{5EDDD360-25D7-4D4A-B871-D4B4C76AEE8F}.Release|Win32.Build.0 = Release|Win32
		{B9057564-2920-4FAB-BC04-580677013746}.Debug|Any CPU.ActiveCfg = Debug|Win32
		{B9057564-2920-4FAB-BC04-580677013746}.Debug|Mixed Platforms.ActiveCfg = Debug|Win32
		{B9057564-2920-4FAB-BC04-580677013746}.Debug|Mixed Platforms.Build.0 = Debug|Win32
		{B9057564-2920-4FAB-BC04-580677013746}.Debug|Win32.ActiveCfg = Debug|Win32
		{B9057564-2920-4FAB-BC04-580677013746}.Debug|Win32.Build.0 = Debug|Win32
		{B9057564-2920-4FAB-BC04-580677013746}.Release|Any CPU.ActiveCfg = Release|Win32
		{B9057564-2920-4FAB-BC04-580677013746}.Release|Mixed Platforms.ActiveCfg = Release|Win32
		{B9057564-2920-4FAB-BC04-580677013746}.Release|Mixed Platforms.Build.0 = Release|Win32
		{B9057564-2920-4FAB-BC04-580677013746}.Release|Win32.ActiveCfg = Release|Win32
		{B9057564-2920-4FAB-BC04-580677013746}.Release|Win32.Build.0 = Release|Win32
		{73AB34CD-D7C4-4465-86C9-7227719C1E49}.Debug|Any CPU.ActiveCfg = Debug|Win32
		{73AB34CD-D7C4-4465-86C9-7227719C1E49}.Debug|Mixed Platforms.ActiveCfg = Debug|Win32
		{73AB34CD-D7C4-4465-86C9-7227719C1E49}.Debug|Mixed Platforms.Build.0 = Debug|Win32
		{73AB34CD-D7C4-4465-86C9-7227719C1E49}.Debug|Win32.ActiveCfg = Debug|Win32
		{73AB34CD-D7C4-4465-86C9-7227719C1E49}.Debug|Win32.Build.0 = Debug|Win32
		{73AB34CD-D7C4-4465-86C9-7227719C1E49}.Release|Any CPU.ActiveCfg = Release|Win32
		{73AB34CD-D7C4-4465-86C9-7227719C1E49}.Release|Mixed Platforms.ActiveCfg = Release|Win32
		{73AB34CD-D7C4-4465-86C9-7227719C1E49}.Release|Mixed Platforms.Build.0 = Release|Win32
		{73AB34CD-D7C4-4465-86C9-7227719C1E49}.Release|Win32.ActiveCfg = Release|Win32
		{73AB34CD-D7C4-4465-86C9-7227719C1E49}.Release|Win32.Build.0 = Release|Win32
		{57F120E0-BF2A-4D54-A2A2-B87F187AB2AB}.Debug|Any CPU.ActiveCfg = Debug|Win32
		{57F120E0-BF2A-4D54-A2A2-B87F187AB2AB}.Debug|Mixed Platforms.ActiveCfg = Debug|Win32
		{57F120E0-BF2A-4D54-A2A2-B87F187AB2AB}.Debug|Mixed Platforms.Build.0 = Debug|Win32
		{57F120E0-BF2A-4D54-A2A2-B87F187AB2AB}.Debug|Win32.ActiveCfg = Debug|Win32
		{57F120E0-BF2A-4D54-A2A2-B87F187AB2AB}.Debug|Win32.Build.0 = Debug|Win32
		{57F120E0-BF2A-4D54-A2A2-B87F187AB2AB}.Release|Any CPU.ActiveCfg = Release|Win32
		{57F120E0-BF2A-4D54-A2A2-B87F187AB2AB}.Release|Mixed Platforms.ActiveCfg = Release|Win32
		{57F120E0-BF2A-4D54-A2A2-B87F187AB2AB}.Release|Mixed Platforms.Build.0 = Release|Win32
		{57F120E0-BF2A-4D54-A2A2-B87F187AB2AB}.Release|Win32.ActiveCfg = Release|Win32
		{57F120E0-BF2A-4D54-A2A2-B87F187AB2AB}.Release|Win32.Build.0 = Release|Win32
		{DBCE3EDF-255D-4BF8-8788-75A895E93CA1}.Debug|Any CPU.ActiveCfg = Debug|Win32
		{DBCE3EDF-255D-4BF8-8788-75A895E93CA1}.Debug|Mixed Platforms.ActiveCfg = Debug|Win32
		{DBCE3EDF-255D-4BF8-8788-75A895E93CA1}.Debug|Mixed Platforms.Build.0 = Debug|Win32
		{DBCE3EDF-255D-4BF8-8788-75A895E93CA1}.Debug|Win32.ActiveCfg = Debug|Win32
		{DBCE3EDF-255D-4BF8-8788-75A895E93CA1}.Debug|Win32.Build.0 = Debug|Win32
		{DBCE3EDF-255D-4BF8-8788-75A895E93CA1}.Release|Any CPU.ActiveCfg = Release|Win32
		{DBCE3EDF-255D-4BF8-8788-75A895E93CA1}.Release|Mixed Platforms.ActiveCfg = Release|Win32
		{DBCE3EDF-255D-4BF8-8788-75A895E93CA1}.Release|Mixed Platforms.Build.0 = Release|Win32
		{DBCE3EDF-255D-4BF8-8788-75A895E93CA1}.Release|Win32.ActiveCfg = Release|Win32
		{DBCE3EDF-255D-4BF8-8788-75A895E93CA1}.Release|Win32.Build.0 = Release|Win32
		{ECD7F84B-7314-4257-9500-B22F25E5066A}.Debug|Any CPU.ActiveCfg = Debug|Win32
		{ECD7F84B-7314-4257-9500-B22F25E5066A}.Debug|Mixed Platforms.ActiveCfg = Debug|Win32
		{ECD7F84B-7314-4257-9500-B22F25E5066A}.Debug|Mixed Platforms.Build.0 = Debug|Win32
		{ECD7F84B-7314-4257-9500-B22F25E5066A}.Debug|Win32.ActiveCfg = Debug|Win32
		{ECD7F84B-7314-4257-9500-B22F25E5066A}.Debug|Win32.Build.0 = Debug|Win32
		{ECD7F84B-7314-4257-9500-B22F25E5066A}.Release|Any CPU.ActiveCfg = Release|Win32
		{ECD7F84B-7314-4257-9500-B22F25E5066A}.Release|Mixed Platforms.ActiveCfg = Release|Win32
		{ECD7F84B-7314-4257-9500-B22F25E5066A}.Release|Mixed Platforms.Build.0 = Release|Win32
		{ECD7F84B-7314-4257-9500-B22F25E5066A}.Release|Win32.ActiveCfg = Release|Win32
		{ECD7F84B-7314-4257-9500-B22F25E5066A}.Release|Win32.Build.0 = Release|Win32
		{8D2B76E4-2F85-4108-90AE-52E052B598DE}.Debug|Any CPU.ActiveCfg = Debug|Win32
		{8D2B76E4-2F85-4108-90AE-52E052B598DE}.Debug|Mixed Platforms.ActiveCfg = Debug|Win32
		{8D2B76E4-2F85-4108-90AE-52E052B598DE}.Debug|Mixed Platforms.Build.0 = Debug|Win32
		{8D2B76E4-2F85-4108-90AE-52E052B598DE}.Debug|Win32.ActiveCfg = Debug|Win32
		{8D2B76E4-2F85-4108-90AE-52E052B598DE}.Debug|Win32.Build.0 = Debug|Win32
		{8D2B76E4-2F85-4108-90AE-52E052B598DE}.Release|Any CPU.ActiveCfg = Release|Win32
		{8D2B76E4-2F85-4108-90AE-52E052B598DE}.Release|Mixed Platforms.ActiveCfg = Release|Win32
		{8D2B76E4-2F85-4108-90AE-52E052B598DE}.Release|Mixed Platforms.Build.0 = Release|Win32
		{8D2B76E4-2F85-4108-90AE-52E052B598DE}.Release|Win32.ActiveCfg = Release|Win32
		{8D2B76E4-2F85-4108-90AE-52E052B598DE}.Release|Win32.Build.0 = Release|Win32
		{03F1D908-A495-4FA4-ABB6-60E57DEF5872}.Debug|Any CPU.ActiveCfg = Debug|Win32
		{03F1D908-A495-4FA4-ABB6-60E57DEF5872}.Debug|Mixed Platforms.ActiveCfg = Debug|Win32
		{03F1D908-A495-4FA4-ABB6-60E57DEF5872}.Debug|Mixed Platforms.Build.0 = Debug|Win32
		{03F1D908-A495-4FA4-ABB6-60E57DEF5872}.Debug|Win32.ActiveCfg = Debug|Win32
		{03F1D908-A495-4FA4-ABB6-60E57DEF5872}.Debug|Win32.Build.0 = Debug|Win32
		{03F1D908-A495-4FA4-ABB6-60E57DEF5872}.Release|Any CPU.ActiveCfg = Release|Win32
		{03F1D908-A495-4FA4-ABB6-60E57DEF5872}.Release|Mixed Platforms.ActiveCfg = Release|Win32
		{03F1D908-A495-4FA4-ABB6-60E57DEF5872}.Release|Mixed Platforms.Build.0 = Release|Win32
		{03F1D908-A495-4FA4-ABB6-60E57DEF5872}.Release|Win32.ActiveCfg = Release|Win32
		{03F1D908-A495-4FA4-ABB6-60E57DEF5872}.Release|Win32.Build.0 = Release|Win32
		{56008284-9B84-4E41-8FA6-AA8B56857B08}.Debug|Any CPU.ActiveCfg = Debug|Win32
		{56008284-9B84-4E41-8FA6-AA8B56857B08}.Debug|Mixed Platforms.ActiveCfg = Debug|Win32
		{56008284-9B84-4E41-8FA6-AA8B56857B08}.Debug|Mixed Platforms.Build.0 = Debug|Win32
		{56008284-9B84-4E41-8FA6-AA8B56857B08}.Debug|Win32.ActiveCfg = Debug|Win32
		{56008284-9B84-4E41-8FA6-AA8B56857B08}.Debug|Win32.Build.0 = Debug|Win32
		{56008284-9B84-4E41-8FA6-AA8B56857B08}.Release|Any CPU.ActiveCfg = Release|Win32
		{56008284-9B84-4E41-8FA6-AA8B56857B08}.Release|Mixed Platforms.ActiveCfg = Release|Win32
		{56008284-9B84-4E41-8FA6-AA8B56857B08}.Release|Mixed Platforms.Build.0 = Release|Win32
		{56008284-9B84-4E41-8FA6-AA8B56857B08}.Release|Win32.ActiveCfg = Release|Win32
		{56008284-9B84-4E41-8FA6-AA8B56857B08}.Release|Win32.Build.0 = Release|Win32
		{461A7C89-B5D5-45FD-A4BA-E1E6DEF90773}.Debug|Any CPU.ActiveCfg = Debug|Win32
		{461A7C89-B5D5-45FD-A4BA-E1E6DEF90773}.Debug|Mixed Platforms.ActiveCfg = Debug|Win32
		{461A7C89-B5D5-45FD-A4BA-E1E6DEF90773}.Debug|Mixed Platforms.Build.0 = Debug|Win32
		{461A7C89-B5D5-45FD-A4BA-E1E6DEF90773}.Debug|Win32.ActiveCfg = Debug|Win32
		{461A7C89-B5D5-45FD-A4BA-E1E6DEF90773}.Debug|Win32.Build.0 = Debug|Win32
		{461A7C89-B5D5-45FD-A4BA-E1E6DEF90773}.Release|Any CPU.ActiveCfg = Release|Win32
		{461A7C89-B5D5-45FD-A4BA-E1E6DEF90773}.Release|Mixed Platforms.ActiveCfg = Release|Win32
		{461A7C89-B5D5-45FD-A4BA-E1E6DEF90773}.Release|Mixed Platforms.Build.0 = Release|Win32
		{461A7C89-B5D5-45FD-A4BA-E1E6DEF90773}.Release|Win32.ActiveCfg = Release|Win32
		{461A7C89-B5D5-45FD-A4BA-E1E6DEF90773}.Release|Win32.Build.0 = Release|Win32
		{1F56A259-12A4-4D06-AC69-647AFAD20A7B}.Debug|Any CPU.ActiveCfg = Debug|Win32
		{1F56A259-12A4-4D06-AC69-647AFAD20A7B}.Debug|Mixed Platforms.ActiveCfg = Debug|Win32
		{1F56A259-12A4-4D06-AC69-647AFAD20A7B}.Debug|Mixed Platforms.Build.0 = Debug|Win32
		{1F56A259-12A4-4D06-AC69-647AFAD20A7B}.Debug|Win32.ActiveCfg = Debug|Win32
		{1F56A259-12A4-4D06-AC69-647AFAD20A7B}.Debug|Win32.Build.0 = Debug|Win32
		{1F56A259-12A4-4D06-AC69-647AFAD20A7B}.Release|Any CPU.ActiveCfg = Release|Win32
		{1F56A259-12A4-4D06-AC69-647AFAD20A7B}.Release|Mixed Platforms.ActiveCfg = Release|Win32
		{1F56A259-12A4-4D06-AC69-647AFAD20A7B}.Release|Mixed Platforms.Build.0 = Release|Win32
		{1F56A259-12A4-4D06-AC69-647AFAD20A7B}.Release|Win32.ActiveCfg = Release|Win32
		{1F56A259-12A4-4D06-AC69-647AFAD20A7B}.Release|Win32.Build.0 = Release|Win32
		{8FC88B4C-6245-4DDB-8B55-B9F1DAA658A3}.Debug|Any CPU.ActiveCfg = Debug|Win32
		{8FC88B4C-6245-4DDB-8B55-B9F1DAA658A3}.Debug|Mixed Platforms.ActiveCfg = Debug|Win32
		{8FC88B4C-6245-4DDB-8B55-B9F1DAA658A3}.Debug|Mixed Platforms.Build.0 = Debug|Win32
		{8FC88B4C-6245-4DDB-8B55-B9F1DAA658A3}.Debug|Win32.ActiveCfg = Debug|Win32
		{8FC88B4C-6245-4DDB-8B55-B9F1DAA658A3}.Debug|Win32.Build.0 = Debug|Win32
		{8FC88B4C-6245-4DDB-8B55-B9F1DAA658A3}.Release|Any CPU.ActiveCfg = Release|Win32
		{8FC88B4C-6245-4DDB-8B55-B9F1DAA658A3}.Release|Mixed Platforms.ActiveCfg = Release|Win32
		{8FC88B4C-6245-4DDB-8B55-B9F1DAA658A3}.Release|Mixed Platforms.Build.0 = Release|Win32
		{8FC88B4C-6245-4DDB-8B55-B9F1DAA658A3}.Release|Win32.ActiveCfg = Release|Win32
		{8FC88B4C-6245-4DDB-8B55-B9F1DAA658A3}.Release|Win32.Build.0 = Release|Win32
		{855FDE88-6AC1-4AF0-8E23-B657E6C9A6DA}.Debug|Any CPU.ActiveCfg = Debug|Win32
		{855FDE88-6AC1-4AF0-8E23-B657E6C9A6DA}.Debug|Mixed Platforms.ActiveCfg = Debug|Win32
		{855FDE88-6AC1-4AF0-8E23-B657E6C9A6DA}.Debug|Mixed Platforms.Build.0 = Debug|Win32
		{855FDE88-6AC1-4AF0-8E23-B657E6C9A6DA}.Debug|Win32.ActiveCfg = Debug|Win32
		{855FDE88-6AC1-4AF0-8E23-B657E6C9A6DA}.Debug|Win32.Build.0 = Debug|Win32
		{855FDE88-6AC1-4AF0-8E23-B657E6C9A6DA}.Release|Any CPU.ActiveCfg = Release|Win32
		{855FDE88-6AC1-4AF0-8E23-B657E6C9A6DA}.Release|Mixed Platforms.ActiveCfg = Release|Win32
		{855FDE88-6AC1-4AF0-8E23-B657E6C9A6DA}.Release|Mixed Platforms.Build.0 = Release|Win32
		{855FDE88-6AC1-4AF0-8E23-B657E6C9A6DA}.Release|Win32.ActiveCfg = Release|Win32
		{855FDE88-6AC1-4AF0-8E23-B657E6C9A6DA}.Release|Win32.Build.0 = Release|Win32
		{330E892B-C4B2-4700-A376-AEC30A45CAE7}.Debug|Any CPU.ActiveCfg = Debug|Win32
		{330E892B-C4B2-4700-A376-AEC30A45CAE7}.Debug|Mixed Platforms.ActiveCfg = Debug|Win32
		{330E892B-C4B2-4700-A376-AEC30A45CAE7}.Debug|Mixed Platforms.Build.0 = Debug|Win32
		{330E892B-C4B2-4700-A376-AEC30A45CAE7}.Debug|Win32.ActiveCfg = Debug|Win32
		{330E892B-C4B2-4700-A376-AEC30A45CAE7}.Debug|Win32.Build.0 = Debug|Win32
		{330E892B-C4B2-4700-A376-AEC30A45CAE7}.Release|Any CPU.ActiveCfg = Release|Win32
		{330E892B-C4B2-4700-A376-AEC30A45CAE7}.Release|Mixed Platforms.ActiveCfg = Release|Win32
		{330E892B-C4B2-4700-A376-AEC30A45CAE7}.Release|Mixed Platforms.Build.0 = Release|Win32
		{330E892B-C4B2-4700-A376-AEC30A45CAE7}.Release|Win32.ActiveCfg = Release|Win32
		{330E892B-C4B2-4700-A376-AEC30A45CAE7}.Release|Win32.Build.0 = Release|Win32
		{35B25F76-6556-4DA6-8C10-24332B3F79D6}.Debug|Any CPU.ActiveCfg = Debug|Win32
		{35B25F76-6556-4DA6-8C10-24332B3F79D6}.Debug|Mixed Platforms.ActiveCfg = Debug|Win32
		{35B25F76-6556-4DA6-8C10-24332B3F79D6}.Debug|Mixed Platforms.Build.0 = Debug|Win32
		{35B25F76-6556-4DA6-8C10-24332B3F79D6}.Debug|Win32.ActiveCfg = Debug|Win32
		{35B25F76-6556-4DA6-8C10-24332B3F79D6}.Debug|Win32.Build.0 = Debug|Win32
		{35B25F76-6556-4DA6-8C10-24332B3F79D6}.Release|Any CPU.ActiveCfg = Release|Win32
		{35B25F76-6556-4DA6-8C10-24332B3F79D6}.Release|Mixed Platforms.ActiveCfg = Release|Win32
		{35B25F76-6556-4DA6-8C10-24332B3F79D6}.Release|Mixed Platforms.Build.0 = Release|Win32
		{35B25F76-6556-4DA6-8C10-24332B3F79D6}.Release|Win32.ActiveCfg = Release|Win32
		{35B25F76-6556-4DA6-8C10-24332B3F79D6}.Release|Win32.Build.0 = Release|Win32
		{C35553B3-2AB9-412C-A476-22A0AD48B14D}.Debug|Any CPU.ActiveCfg = Debug|Win32
		{C35553B3-2AB9-412C-A476-22A0AD48B14D}.Debug|Mixed Platforms.ActiveCfg = Debug|Win32
		{C35553B3-2AB9-412C-A476-22A0AD48B14D}.Debug|Mixed Platforms.Build.0 = Debug|Win32
		{C35553B3-2AB9-412C-A476-22A0AD48B14D}.Debug|Win32.ActiveCfg = Debug|Win32
		{C35553B3-2AB9-412C-A476-22A0AD48B14D}.Debug|Win32.Build.0 = Debug|Win32
		{C35553B3-2AB9-412C-A476-22A0AD48B14D}.Release|Any CPU.ActiveCfg = Release|Win32
		{C35553B3-2AB9-412C-A476-22A0AD48B14D}.Release|Mixed Platforms.ActiveCfg = Release|Win32
		{C35553B3-2AB9-412C-A476-22A0AD48B14D}.Release|Mixed Platforms.Build.0 = Release|Win32
		{C35553B3-2AB9-412C-A476-22A0AD48B14D}.Release|Win32.ActiveCfg = Release|Win32
		{C35553B3-2AB9-412C-A476-22A0AD48B14D}.Release|Win32.Build.0 = Release|Win32
		{54C197CA-90B7-460D-95AC-0435DDA72203}.Debug|Any CPU.ActiveCfg = Debug|Win32
		{54C197CA-90B7-460D-95AC-0435DDA72203}.Debug|Mixed Platforms.ActiveCfg = Debug|Win32
		{54C197CA-90B7-460D-95AC-0435DDA72203}.Debug|Mixed Platforms.Build.0 = Debug|Win32
		{54C197CA-90B7-460D-95AC-0435DDA72203}.Debug|Win32.ActiveCfg = Debug|Win32
		{54C197CA-90B7-460D-95AC-0435DDA72203}.Debug|Win32.Build.0 = Debug|Win32
		{54C197CA-90B7-460D-95AC-0435DDA72203}.Release|Any CPU.ActiveCfg = Release|Win32
		{54C197CA-90B7-460D-95AC-0435DDA72203}.Release|Mixed Platforms.ActiveCfg = Release|Win32
		{54C197CA-90B7-460D-95AC-0435DDA72203}.Release|Mixed Platforms.Build.0 = Release|Win32
		{54C197CA-90B7-460D-95AC-0435DDA72203}.Release|Win32.ActiveCfg = Release|Win32
		{54C197CA-90B7-460D-95AC-0435DDA72203}.Release|Win32.Build.0 = Release|Win32
		{39FF75BA-879C-465C-BEFC-6CF30FAA0142}.Debug|Any CPU.ActiveCfg = Debug|Win32
		{39FF75BA-879C-465C-BEFC-6CF30FAA0142}.Debug|Mixed Platforms.ActiveCfg = Debug|Win32
		{39FF75BA-879C-465C-BEFC-6CF30FAA0142}.Debug|Mixed Platforms.Build.0 = Debug|Win32
		{39FF75BA-879C-465C-BEFC-6CF30FAA0142}.Debug|Win32.ActiveCfg = Debug|Win32
		{39FF75BA-879C-465C-BEFC-6CF30FAA0142}.Debug|Win32.Build.0 = Debug|Win32
		{39FF75BA-879C-465C-BEFC-6CF30FAA0142}.Release|Any CPU.ActiveCfg = Release|Win32
		{39FF75BA-879C-465C-BEFC-6CF30FAA0142}.Release|Mixed Platforms.ActiveCfg = Release|Win32
		{39FF75BA-879C-465C-BEFC-6CF30FAA0142}.Release|Mixed Platforms.Build.0 = Release|Win32
		{39FF75BA-879C-465C-BEFC-6CF30FAA0142}.Release|Win32.ActiveCfg = Release|Win32
		{39FF75BA-879C-465C-BEFC-6CF30FAA0142}.Release|Win32.Build.0 = Release|Win32
		{AA5EEDB4-89D6-493B-AE54-E9B47F7AE342}.Debug|Any CPU.ActiveCfg = Debug|Win32
		{AA5EEDB4-89D6-493B-AE54-E9B47F7AE342}.Debug|Mixed Platforms.ActiveCfg = Debug|Win32
		{AA5EEDB4-89D6-493B-AE54-E9B47F7AE342}.Debug|Mixed Platforms.Build.0 = Debug|Win32
		{AA5EEDB4-89D6-493B-AE54-E9B47F7AE342}.Debug|Win32.ActiveCfg = Debug|Win32
		{AA5EEDB4-89D6-493B-AE54-E9B47F7AE342}.Debug|Win32.Build.0 = Debug|Win32
		{AA5EEDB4-89D6-493B-AE54-E9B47F7AE342}.Release|Any CPU.ActiveCfg = Release|Win32
		{AA5EEDB4-89D6-493B-AE54-E9B47F7AE342}.Release|Mixed Platforms.ActiveCfg = Release|Win32
		{AA5EEDB4-89D6-493B-AE54-E9B47F7AE342}.Release|Mixed Platforms.Build.0 = Release|Win32
		{AA5EEDB4-89D6-493B-AE54-E9B47F7AE342}.Release|Win32.ActiveCfg = Release|Win32
		{AA5EEDB4-89D6-493B-AE54-E9B47F7AE342}.Release|Win32.Build.0 = Release|Win32
		{359A6918-F561-420E-9426-A56CFA4176D2}.Debug|Any CPU.ActiveCfg = Debug|Win32
		{359A6918-F561-420E-9426-A56CFA4176D2}.Debug|Mixed Platforms.ActiveCfg = Debug|Win32
		{359A6918-F561-420E-9426-A56CFA4176D2}.Debug|Mixed Platforms.Build.0 = Debug|Win32
		{359A6918-F561-420E-9426-A56CFA4176D2}.Debug|Win32.ActiveCfg = Debug|Win32
		{359A6918-F561-420E-9426-A56CFA4176D2}.Debug|Win32.Build.0 = Debug|Win32
		{359A6918-F561-420E-9426-A56CFA4176D2}.Release|Any CPU.ActiveCfg = Release|Win32
		{359A6918-F561-420E-9426-A56CFA4176D2}.Release|Mixed Platforms.ActiveCfg = Release|Win32
		{359A6918-F561-420E-9426-A56CFA4176D2}.Release|Mixed Platforms.Build.0 = Release|Win32
		{359A6918-F561-420E-9426-A56CFA4176D2}.Release|Win32.ActiveCfg = Release|Win32
		{359A6918-F561-420E-9426-A56CFA4176D2}.Release|Win32.Build.0 = Release|Win32
		{115EFA2E-0A90-405B-8395-B75A4C6F32A1}.Debug|Any CPU.ActiveCfg = Debug|Win32
		{115EFA2E-0A90-405B-8395-B75A4C6F32A1}.Debug|Mixed Platforms.ActiveCfg = Debug|Win32
		{115EFA2E-0A90-405B-8395-B75A4C6F32A1}.Debug|Mixed Platforms.Build.0 = Debug|Win32
		{115EFA2E-0A90-405B-8395-B75A4C6F32A1}.Debug|Win32.ActiveCfg = Debug|Win32
		{115EFA2E-0A90-405B-8395-B75A4C6F32A1}.Debug|Win32.Build.0 = Debug|Win32
		{115EFA2E-0A90-405B-8395-B75A4C6F32A1}.Release|Any CPU.ActiveCfg = Release|Win32
		{115EFA2E-0A90-405B-8395-B75A4C6F32A1}.Release|Mixed Platforms.ActiveCfg = Release|Win32
		{115EFA2E-0A90-405B-8395-B75A4C6F32A1}.Release|Mixed Platforms.Build.0 = Release|Win32
		{115EFA2E-0A90-405B-8395-B75A4C6F32A1}.Release|Win32.ActiveCfg = Release|Win32
		{115EFA2E-0A90-405B-8395-B75A4C6F32A1}.Release|Win32.Build.0 = Release|Win32
		{E0E104AE-921E-42A4-B2C9-7F5D60BCDC0F}.Debug|Any CPU.ActiveCfg = Debug|Win32
		{E0E104AE-921E-42A4-B2C9-7F5D60BCDC0F}.Debug|Mixed Platforms.ActiveCfg = Debug|Win32
		{E0E104AE-921E-42A4-B2C9-7F5D60BCDC0F}.Debug|Mixed Platforms.Build.0 = Debug|Win32
		{E0E104AE-921E-42A4-B2C9-7F5D60BCDC0F}.Debug|Win32.ActiveCfg = Debug|Win32
		{E0E104AE-921E-42A4-B2C9-7F5D60BCDC0F}.Debug|Win32.Build.0 = Debug|Win32
		{E0E104AE-921E-42A4-B2C9-7F5D60BCDC0F}.Release|Any CPU.ActiveCfg = Release|Win32
		{E0E104AE-921E-42A4-B2C9-7F5D60BCDC0F}.Release|Mixed Platforms.ActiveCfg = Release|Win32
		{E0E104AE-921E-42A4-B2C9-7F5D60BCDC0F}.Release|Mixed Platforms.Build.0 = Release|Win32
		{E0E104AE-921E-42A4-B2C9-7F5D60BCDC0F}.Release|Win32.ActiveCfg = Release|Win32
		{E0E104AE-921E-42A4-B2C9-7F5D60BCDC0F}.Release|Win32.Build.0 = Release|Win32
		{E73D4DDF-2EB8-499B-9468-C8A7770734D7}.Debug|Any CPU.ActiveCfg = Debug|Win32
		{E73D4DDF-2EB8-499B-9468-C8A7770734D7}.Debug|Mixed Platforms.ActiveCfg = Debug|Win32
		{E73D4DDF-2EB8-499B-9468-C8A7770734D7}.Debug|Mixed Platforms.Build.0 = Debug|Win32
		{E73D4DDF-2EB8-499B-9468-C8A7770734D7}.Debug|Win32.ActiveCfg = Debug|Win32
		{E73D4DDF-2EB8-499B-9468-C8A7770734D7}.Debug|Win32.Build.0 = Debug|Win32
		{E73D4DDF-2EB8-499B-9468-C8A7770734D7}.Release|Any CPU.ActiveCfg = Release|Win32
		{E73D4DDF-2EB8-499B-9468-C8A7770734D7}.Release|Mixed Platforms.ActiveCfg = Release|Win32
		{E73D4DDF-2EB8-499B-9468-C8A7770734D7}.Release|Mixed Platforms.Build.0 = Release|Win32
		{E73D4DDF-2EB8-499B-9468-C8A7770734D7}.Release|Win32.ActiveCfg = Release|Win32
		{E73D4DDF-2EB8-499B-9468-C8A7770734D7}.Release|Win32.Build.0 = Release|Win32
		{1630D080-BEA3-447D-95EA-8E5C854B809D}.Debug|Any CPU.ActiveCfg = Debug|Win32
		{1630D080-BEA3-447D-95EA-8E5C854B809D}.Debug|Mixed Platforms.ActiveCfg = Debug|Win32
		{1630D080-BEA3-447D-95EA-8E5C854B809D}.Debug|Mixed Platforms.Build.0 = Debug|Win32
		{1630D080-BEA3-447D-95EA-8E5C854B809D}.Debug|Win32.ActiveCfg = Debug|Win32
		{1630D080-BEA3-447D-95EA-8E5C854B809D}.Debug|Win32.Build.0 = Debug|Win32
		{1630D080-BEA3-447D-95EA-8E5C854B809D}.Release|Any CPU.ActiveCfg = Release|Win32
		{1630D080-BEA3-447D-95EA-8E5C854B809D}.Release|Mixed Platforms.ActiveCfg = Release|Win32
		{1630D080-BEA3-447D-95EA-8E5C854B809D}.Release|Mixed Platforms.Build.0 = Release|Win32
		{1630D080-BEA3-447D-95EA-8E5C854B809D}.Release|Win32.ActiveCfg = Release|Win32
		{1630D080-BEA3-447D-95EA-8E5C854B809D}.Release|Win32.Build.0 = Release|Win32
		{10927C41-65B4-4953-A569-7869C75253EE}.Debug|Any CPU.ActiveCfg = Debug|Win32
		{10927C41-65B4-4953-A569-7869C75253EE}.Debug|Mixed Platforms.ActiveCfg = Debug|Win32
		{10927C41-65B4-4953-A569-7869C75253EE}.Debug|Mixed Platforms.Build.0 = Debug|Win32
		{10927C41-65B4-4953-A569-7869C75253EE}.Debug|Win32.ActiveCfg = Debug|Win32
		{10927C41-65B4-4953-A569-7869C75253EE}.Debug|Win32.Build.0 = Debug|Win32
		{10927C41-65B4-4953-A569-7869C75253EE}.Release|Any CPU.ActiveCfg = Release|Win32
		{10927C41-65B4-4953-A569-7869C75253EE}.Release|Mixed Platforms.ActiveCfg = Release|Win32
		{10927C41-65B4-4953-A569-7869C75253EE}.Release|Mixed Platforms.Build.0 = Release|Win32
		{10927C41-65B4-4953-A569-7869C75253EE}.Release|Win32.ActiveCfg = Release|Win32
		{10927C41-65B4-4953-A569-7869C75253EE}.Release|Win32.Build.0 = Release|Win32
		{8D311036-D587-4147-AAEC-8DB710F2DE25}.Debug|Any CPU.ActiveCfg = Debug|Win32
		{8D311036-D587-4147-AAEC-8DB710F2DE25}.Debug|Mixed Platforms.ActiveCfg = Debug|Win32
		{8D311036-D587-4147-AAEC-8DB710F2DE25}.Debug|Mixed Platforms.Build.0 = Debug|Win32
		{8D311036-D587-4147-AAEC-8DB710F2DE25}.Debug|Win32.ActiveCfg = Debug|Win32
		{8D311036-D587-4147-AAEC-8DB710F2DE25}.Debug|Win32.Build.0 = Debug|Win32
		{8D311036-D587-4147-AAEC-8DB710F2DE25}.Release|Any CPU.ActiveCfg = Release|Win32
		{8D311036-D587-4147-AAEC-8DB710F2DE25}.Release|Mixed Platforms.ActiveCfg = Release|Win32
		{8D311036-D587-4147-AAEC-8DB710F2DE25}.Release|Mixed Platforms.Build.0 = Release|Win32
		{8D311036-D587-4147-AAEC-8DB710F2DE25}.Release|Win32.ActiveCfg = Release|Win32
		{8D311036-D587-4147-AAEC-8DB710F2DE25}.Release|Win32.Build.0 = Release|Win32
		{7812C088-37E2-41E0-A745-17FA37D1D8D9}.Debug|Any CPU.ActiveCfg = Debug|Win32
		{7812C088-37E2-41E0-A745-17FA37D1D8D9}.Debug|Mixed Platforms.ActiveCfg = Debug|Win32
		{7812C088-37E2-41E0-A745-17FA37D1D8D9}.Debug|Mixed Platforms.Build.0 = Debug|Win32
		{7812C088-37E2-41E0-A745-17FA37D1D8D9}.Debug|Win32.ActiveCfg = Debug|Win32
		{7812C088-37E2-41E0-A745-17FA37D1D8D9}.Debug|Win32.Build.0 = Debug|Win32
		{7812C088-37E2-41E0-A745-17FA37D1D8D9}.Release|Any CPU.ActiveCfg = Release|Win32
		{7812C088-37E2-41E0-A745-17FA37D1D8D9}.Release|Mixed Platforms.ActiveCfg = Release|Win32
		{7812C088-37E2-41E0-A745-17FA37D1D8D9}.Release|Mixed Platforms.Build.0 = Release|Win32
		{7812C088-37E2-41E0-A745-17FA37D1D8D9}.Release|Win32.ActiveCfg = Release|Win32
		{7812C088-37E2-41E0-A745-17FA37D1D8D9}.Release|Win32.Build.0 = Release|Win32
		{A35DEED3-A82F-4041-9238-21A5B60CD001}.Debug|Any CPU.ActiveCfg = Debug|Win32
		{A35DEED3-A82F-4041-9238-21A5B60CD001}.Debug|Mixed Platforms.ActiveCfg = Debug|Win32
		{A35DEED3-A82F-4041-9238-21A5B60CD001}.Debug|Mixed Platforms.Build.0 = Debug|Win32
		{A35DEED3-A82F-4041-9238-21A5B60CD001}.Debug|Win32.ActiveCfg = Debug|Win32
		{A35DEED3-A82F-4041-9238-21A5B60CD001}.Debug|Win32.Build.0 = Debug|Win32
		{A35DEED3-A82F-4041-9238-21A5B60CD001}.Release|Any CPU.ActiveCfg = Release|Win32
		{A35DEED3-A82F-4041-9238-21A5B60CD001}.Release|Mixed Platforms.ActiveCfg = Release|Win32
		{A35DEED3-A82F-4041-9238-21A5B60CD001}.Release|Mixed Platforms.Build.0 = Release|Win32
		{A35DEED3-A82F-4041-9238-21A5B60CD001}.Release|Win32.ActiveCfg = Release|Win32
		{A35DEED3-A82F-4041-9238-21A5B60CD001}.Release|Win32.Build.0 = Release|Win32
		{089EA8D2-DD49-4788-AB85-BEC276705A60}.Debug|Any CPU.ActiveCfg = Debug|Win32
		{089EA8D2-DD49-4788-AB85-BEC276705A60}.Debug|Mixed Platforms.ActiveCfg = Debug|Win32
		{089EA8D2-DD49-4788-AB85-BEC276705A60}.Debug|Mixed Platforms.Build.0 = Debug|Win32
		{089EA8D2-DD49-4788-AB85-BEC276705A60}.Debug|Win32.ActiveCfg = Debug|Win32
		{089EA8D2-DD49-4788-AB85-BEC276705A60}.Debug|Win32.Build.0 = Debug|Win32
		{089EA8D2-DD49-4788-AB85-BEC276705A60}.Release|Any CPU.ActiveCfg = Release|Win32
		{089EA8D2-DD49-4788-AB85-BEC276705A60}.Release|Mixed Platforms.ActiveCfg = Release|Win32
		{089EA8D2-DD49-4788-AB85-BEC276705A60}.Release|Mixed Platforms.Build.0 = Release|Win32
		{089EA8D2-DD49-4788-AB85-BEC276705A60}.Release|Win32.ActiveCfg = Release|Win32
		{089EA8D2-DD49-4788-AB85-BEC276705A60}.Release|Win32.Build.0 = Release|Win32
	EndGlobalSection
	GlobalSection(SolutionProperties) = preSolution
		HideSolutionNode = FALSE
	EndGlobalSection
EndGlobal
