
Microsoft Visual Studio Solution File, Format Version 10.00
# Visual Studio 2008
Project("{8BC9CEB8-8B4A-11D0-8D11-00A0C91BC942}") = "MvssTest", "MvssTest\MvssTest.vcproj", "{37FAB119-CF53-4679-9BF0-866F11FF030E}"
	ProjectSection(ProjectDependencies) = postProject
		{2B2C119A-7485-4CAB-B276-D35C6922CF84} = {2B2C119A-7485-4CAB-B276-D35C6922CF84}
	EndProjectSection
EndProject
Project("{8BC9CEB8-8B4A-11D0-8D11-00A0C91BC942}") = "MyDll", "MyDll\MyDll.vcproj", "{2B2C119A-7485-4CAB-B276-D35C6922CF84}"
EndProject
Global
	GlobalSection(SolutionConfigurationPlatforms) = preSolution
		Debug|Win32 = Debug|Win32
		Release|Win32 = Release|Win32
	EndGlobalSection
	GlobalSection(ProjectConfigurationPlatforms) = postSolution
		{37FAB119-CF53-4679-9BF0-866F11FF030E}.Debug|Win32.ActiveCfg = Debug|Win32
		{37FAB119-CF53-4679-9BF0-866F11FF030E}.Debug|Win32.Build.0 = Debug|Win32
		{37FAB119-CF53-4679-9BF0-866F11FF030E}.Release|Win32.ActiveCfg = Release|Win32
		{37FAB119-CF53-4679-9BF0-866F11FF030E}.Release|Win32.Build.0 = Release|Win32
		{2B2C119A-7485-4CAB-B276-D35C6922CF84}.Debug|Win32.ActiveCfg = Debug|Win32
		{2B2C119A-7485-4CAB-B276-D35C6922CF84}.Debug|Win32.Build.0 = Debug|Win32
		{2B2C119A-7485-4CAB-B276-D35C6922CF84}.Release|Win32.ActiveCfg = Release|Win32
		{2B2C119A-7485-4CAB-B276-D35C6922CF84}.Release|Win32.Build.0 = Release|Win32
	EndGlobalSection
	GlobalSection(SolutionProperties) = preSolution
		HideSolutionNode = FALSE
	EndGlobalSection
EndGlobal
