
Microsoft Visual Studio Solution File, Format Version 11.00
# Visual Studio 2010
Project("{8BC9CEB8-8B4A-11D0-8D11-00A0C91BC942}") = "parallaxhome", "parallaxhome.vcxproj", "{689E0F2E-0C0C-300F-ACAC-834FE2B9DEFE}"
EndProject
Global
	GlobalSection(SolutionConfigurationPlatforms) = preSolution
		Debug|Win32 = Debug|Win32
		Release|Win32 = Release|Win32
	EndGlobalSection
	GlobalSection(ProjectConfigurationPlatforms) = postSolution
		{689E0F2E-0C0C-300F-ACAC-834FE2B9DEFE}.Debug|Win32.ActiveCfg = Debug|Win32
		{689E0F2E-0C0C-300F-ACAC-834FE2B9DEFE}.Debug|Win32.Build.0 = Debug|Win32
		{689E0F2E-0C0C-300F-ACAC-834FE2B9DEFE}.Release|Win32.ActiveCfg = Release|Win32
		{689E0F2E-0C0C-300F-ACAC-834FE2B9DEFE}.Release|Win32.Build.0 = Release|Win32
	EndGlobalSection
	GlobalSection(SolutionProperties) = preSolution
		HideSolutionNode = FALSE
	EndGlobalSection
EndGlobal
