
Microsoft Visual Studio Solution File, Format Version 10.00
# Visual Studio 2008
Project("{8BC9CEB8-8B4A-11D0-8D11-00A0C91BC942}") = "MineGE", "MineGE\MineGE.vcproj", "{0EAE4A0E-20C4-4295-A493-396DD5C29858}"
	ProjectSection(ProjectDependencies) = postProject
		{DBCE3EDF-255D-4BF8-8788-75A895E93CA1} = {DBCE3EDF-255D-4BF8-8788-75A895E93CA1}
		{E73D4DDF-2EB8-499B-9468-C8A7770734D7} = {E73D4DDF-2EB8-499B-9468-C8A7770734D7}
		{57F120E0-BF2A-4D54-A2A2-B87F187AB2AB} = {57F120E0-BF2A-4D54-A2A2-B87F187AB2AB}
	EndProjectSection
EndProject
Project("{8BC9CEB8-8B4A-11D0-8D11-00A0C91BC942}") = "DefGE", "DefGE\DefGE.vcproj", "{A1FA108A-05D5-4B2F-BBFD-9F5C13B7BF30}"
	ProjectSection(ProjectDependencies) = postProject
		{0EAE4A0E-20C4-4295-A493-396DD5C29858} = {0EAE4A0E-20C4-4295-A493-396DD5C29858}
		{DBCE3EDF-255D-4BF8-8788-75A895E93CA1} = {DBCE3EDF-255D-4BF8-8788-75A895E93CA1}
	EndProjectSection
EndProject
Project("{8BC9CEB8-8B4A-11D0-8D11-00A0C91BC942}") = "DefGEPlugin", "DefGEPlugin\DefGEPlugin.vcproj", "{BCD929A5-3A63-402F-9012-0E449C6383E8}"
	ProjectSection(ProjectDependencies) = postProject
		{DBCE3EDF-255D-4BF8-8788-75A895E93CA1} = {DBCE3EDF-255D-4BF8-8788-75A895E93CA1}
		{57F120E0-BF2A-4D54-A2A2-B87F187AB2AB} = {57F120E0-BF2A-4D54-A2A2-B87F187AB2AB}
	EndProjectSection
EndProject
Project("{8BC9CEB8-8B4A-11D0-8D11-00A0C91BC942}") = "MineGEDraw", "MineGEDraw\MineGEDraw.vcproj", "{57F120E0-BF2A-4D54-A2A2-B87F187AB2AB}"
	ProjectSection(ProjectDependencies) = postProject
		{DBCE3EDF-255D-4BF8-8788-75A895E93CA1} = {DBCE3EDF-255D-4BF8-8788-75A895E93CA1}
	EndProjectSection
EndProject
Project("{8BC9CEB8-8B4A-11D0-8D11-00A0C91BC942}") = "ArxDbgXdata", "ArxDbgXdata\ArxDbgXdata.vcproj", "{DBCE3EDF-255D-4BF8-8788-75A895E93CA1}"
EndProject
Project("{8BC9CEB8-8B4A-11D0-8D11-00A0C91BC942}") = "DrawVentCmd", "DrawVentCmd\DrawVentCmd.vcproj", "{1F56A259-12A4-4D06-AC69-647AFAD20A7B}"
	ProjectSection(ProjectDependencies) = postProject
		{0EAE4A0E-20C4-4295-A493-396DD5C29858} = {0EAE4A0E-20C4-4295-A493-396DD5C29858}
		{A1FA108A-05D5-4B2F-BBFD-9F5C13B7BF30} = {A1FA108A-05D5-4B2F-BBFD-9F5C13B7BF30}
		{E73D4DDF-2EB8-499B-9468-C8A7770734D7} = {E73D4DDF-2EB8-499B-9468-C8A7770734D7}
	EndProjectSection
EndProject
Project("{8BC9CEB8-8B4A-11D0-8D11-00A0C91BC942}") = "VVLoader", "VVLoader\VVLoader.vcproj", "{E0E104AE-921E-42A4-B2C9-7F5D60BCDC0F}"
	ProjectSection(ProjectDependencies) = postProject
		{57F120E0-BF2A-4D54-A2A2-B87F187AB2AB} = {57F120E0-BF2A-4D54-A2A2-B87F187AB2AB}
	EndProjectSection
EndProject
Project("{8BC9CEB8-8B4A-11D0-8D11-00A0C91BC942}") = "ArxHelper", "ArxHelper\ArxHelper.vcproj", "{E73D4DDF-2EB8-499B-9468-C8A7770734D7}"
EndProject
Global
	GlobalSection(SolutionConfigurationPlatforms) = preSolution
		Debug|Any CPU = Debug|Any CPU
		Debug|Mixed Platforms = Debug|Mixed Platforms
		Debug|Win32 = Debug|Win32
		Release|Any CPU = Release|Any CPU
		Release|Mixed Platforms = Release|Mixed Platforms
		Release|Win32 = Release|Win32
	EndGlobalSection
	GlobalSection(ProjectConfigurationPlatforms) = postSolution
		{0EAE4A0E-20C4-4295-A493-396DD5C29858}.Debug|Any CPU.ActiveCfg = Debug|Win32
		{0EAE4A0E-20C4-4295-A493-396DD5C29858}.Debug|Mixed Platforms.ActiveCfg = Debug|Win32
		{0EAE4A0E-20C4-4295-A493-396DD5C29858}.Debug|Mixed Platforms.Build.0 = Debug|Win32
		{0EAE4A0E-20C4-4295-A493-396DD5C29858}.Debug|Win32.ActiveCfg = Debug|Win32
		{0EAE4A0E-20C4-4295-A493-396DD5C29858}.Debug|Win32.Build.0 = Debug|Win32
		{0EAE4A0E-20C4-4295-A493-396DD5C29858}.Release|Any CPU.ActiveCfg = Release|Win32
		{0EAE4A0E-20C4-4295-A493-396DD5C29858}.Release|Mixed Platforms.ActiveCfg = Release|Win32
		{0EAE4A0E-20C4-4295-A493-396DD5C29858}.Release|Mixed Platforms.Build.0 = Release|Win32
		{0EAE4A0E-20C4-4295-A493-396DD5C29858}.Release|Win32.ActiveCfg = Release|Win32
		{0EAE4A0E-20C4-4295-A493-396DD5C29858}.Release|Win32.Build.0 = Release|Win32
		{A1FA108A-05D5-4B2F-BBFD-9F5C13B7BF30}.Debug|Any CPU.ActiveCfg = Debug|Win32
		{A1FA108A-05D5-4B2F-BBFD-9F5C13B7BF30}.Debug|Mixed Platforms.ActiveCfg = Debug|Win32
		{A1FA108A-05D5-4B2F-BBFD-9F5C13B7BF30}.Debug|Mixed Platforms.Build.0 = Debug|Win32
		{A1FA108A-05D5-4B2F-BBFD-9F5C13B7BF30}.Debug|Win32.ActiveCfg = Debug|Win32
		{A1FA108A-05D5-4B2F-BBFD-9F5C13B7BF30}.Debug|Win32.Build.0 = Debug|Win32
		{A1FA108A-05D5-4B2F-BBFD-9F5C13B7BF30}.Release|Any CPU.ActiveCfg = Release|Win32
		{A1FA108A-05D5-4B2F-BBFD-9F5C13B7BF30}.Release|Mixed Platforms.ActiveCfg = Release|Win32
		{A1FA108A-05D5-4B2F-BBFD-9F5C13B7BF30}.Release|Mixed Platforms.Build.0 = Release|Win32
		{A1FA108A-05D5-4B2F-BBFD-9F5C13B7BF30}.Release|Win32.ActiveCfg = Release|Win32
		{A1FA108A-05D5-4B2F-BBFD-9F5C13B7BF30}.Release|Win32.Build.0 = Release|Win32
		{BCD929A5-3A63-402F-9012-0E449C6383E8}.Debug|Any CPU.ActiveCfg = Debug|Win32
		{BCD929A5-3A63-402F-9012-0E449C6383E8}.Debug|Mixed Platforms.ActiveCfg = Debug|Win32
		{BCD929A5-3A63-402F-9012-0E449C6383E8}.Debug|Mixed Platforms.Build.0 = Debug|Win32
		{BCD929A5-3A63-402F-9012-0E449C6383E8}.Debug|Win32.ActiveCfg = Debug|Win32
		{BCD929A5-3A63-402F-9012-0E449C6383E8}.Debug|Win32.Build.0 = Debug|Win32
		{BCD929A5-3A63-402F-9012-0E449C6383E8}.Release|Any CPU.ActiveCfg = Release|Win32
		{BCD929A5-3A63-402F-9012-0E449C6383E8}.Release|Mixed Platforms.ActiveCfg = Release|Win32
		{BCD929A5-3A63-402F-9012-0E449C6383E8}.Release|Mixed Platforms.Build.0 = Release|Win32
		{BCD929A5-3A63-402F-9012-0E449C6383E8}.Release|Win32.ActiveCfg = Release|Win32
		{BCD929A5-3A63-402F-9012-0E449C6383E8}.Release|Win32.Build.0 = Release|Win32
		{57F120E0-BF2A-4D54-A2A2-B87F187AB2AB}.Debug|Any CPU.ActiveCfg = Debug|Win32
		{57F120E0-BF2A-4D54-A2A2-B87F187AB2AB}.Debug|Mixed Platforms.ActiveCfg = Debug|Win32
		{57F120E0-BF2A-4D54-A2A2-B87F187AB2AB}.Debug|Mixed Platforms.Build.0 = Debug|Win32
		{57F120E0-BF2A-4D54-A2A2-B87F187AB2AB}.Debug|Win32.ActiveCfg = Debug|Win32
		{57F120E0-BF2A-4D54-A2A2-B87F187AB2AB}.Debug|Win32.Build.0 = Debug|Win32
		{57F120E0-BF2A-4D54-A2A2-B87F187AB2AB}.Release|Any CPU.ActiveCfg = Release|Win32
		{57F120E0-BF2A-4D54-A2A2-B87F187AB2AB}.Release|Mixed Platforms.ActiveCfg = Release|Win32
		{57F120E0-BF2A-4D54-A2A2-B87F187AB2AB}.Release|Mixed Platforms.Build.0 = Release|Win32
		{57F120E0-BF2A-4D54-A2A2-B87F187AB2AB}.Release|Win32.ActiveCfg = Release|Win32
		{57F120E0-BF2A-4D54-A2A2-B87F187AB2AB}.Release|Win32.Build.0 = Release|Win32
		{DBCE3EDF-255D-4BF8-8788-75A895E93CA1}.Debug|Any CPU.ActiveCfg = Debug|Win32
		{DBCE3EDF-255D-4BF8-8788-75A895E93CA1}.Debug|Mixed Platforms.ActiveCfg = Debug|Win32
		{DBCE3EDF-255D-4BF8-8788-75A895E93CA1}.Debug|Mixed Platforms.Build.0 = Debug|Win32
		{DBCE3EDF-255D-4BF8-8788-75A895E93CA1}.Debug|Win32.ActiveCfg = Debug|Win32
		{DBCE3EDF-255D-4BF8-8788-75A895E93CA1}.Debug|Win32.Build.0 = Debug|Win32
		{DBCE3EDF-255D-4BF8-8788-75A895E93CA1}.Release|Any CPU.ActiveCfg = Release|Win32
		{DBCE3EDF-255D-4BF8-8788-75A895E93CA1}.Release|Mixed Platforms.ActiveCfg = Release|Win32
		{DBCE3EDF-255D-4BF8-8788-75A895E93CA1}.Release|Mixed Platforms.Build.0 = Release|Win32
		{DBCE3EDF-255D-4BF8-8788-75A895E93CA1}.Release|Win32.ActiveCfg = Release|Win32
		{DBCE3EDF-255D-4BF8-8788-75A895E93CA1}.Release|Win32.Build.0 = Release|Win32
		{1F56A259-12A4-4D06-AC69-647AFAD20A7B}.Debug|Any CPU.ActiveCfg = Debug|Win32
		{1F56A259-12A4-4D06-AC69-647AFAD20A7B}.Debug|Mixed Platforms.ActiveCfg = Debug|Win32
		{1F56A259-12A4-4D06-AC69-647AFAD20A7B}.Debug|Mixed Platforms.Build.0 = Debug|Win32
		{1F56A259-12A4-4D06-AC69-647AFAD20A7B}.Debug|Win32.ActiveCfg = Debug|Win32
		{1F56A259-12A4-4D06-AC69-647AFAD20A7B}.Debug|Win32.Build.0 = Debug|Win32
		{1F56A259-12A4-4D06-AC69-647AFAD20A7B}.Release|Any CPU.ActiveCfg = Release|Win32
		{1F56A259-12A4-4D06-AC69-647AFAD20A7B}.Release|Mixed Platforms.ActiveCfg = Release|Win32
		{1F56A259-12A4-4D06-AC69-647AFAD20A7B}.Release|Mixed Platforms.Build.0 = Release|Win32
		{1F56A259-12A4-4D06-AC69-647AFAD20A7B}.Release|Win32.ActiveCfg = Release|Win32
		{1F56A259-12A4-4D06-AC69-647AFAD20A7B}.Release|Win32.Build.0 = Release|Win32
		{E0E104AE-921E-42A4-B2C9-7F5D60BCDC0F}.Debug|Any CPU.ActiveCfg = Debug|Win32
		{E0E104AE-921E-42A4-B2C9-7F5D60BCDC0F}.Debug|Mixed Platforms.ActiveCfg = Debug|Win32
		{E0E104AE-921E-42A4-B2C9-7F5D60BCDC0F}.Debug|Mixed Platforms.Build.0 = Debug|Win32
		{E0E104AE-921E-42A4-B2C9-7F5D60BCDC0F}.Debug|Win32.ActiveCfg = Debug|Win32
		{E0E104AE-921E-42A4-B2C9-7F5D60BCDC0F}.Debug|Win32.Build.0 = Debug|Win32
		{E0E104AE-921E-42A4-B2C9-7F5D60BCDC0F}.Release|Any CPU.ActiveCfg = Release|Win32
		{E0E104AE-921E-42A4-B2C9-7F5D60BCDC0F}.Release|Mixed Platforms.ActiveCfg = Release|Win32
		{E0E104AE-921E-42A4-B2C9-7F5D60BCDC0F}.Release|Mixed Platforms.Build.0 = Release|Win32
		{E0E104AE-921E-42A4-B2C9-7F5D60BCDC0F}.Release|Win32.ActiveCfg = Release|Win32
		{E0E104AE-921E-42A4-B2C9-7F5D60BCDC0F}.Release|Win32.Build.0 = Release|Win32
		{E73D4DDF-2EB8-499B-9468-C8A7770734D7}.Debug|Any CPU.ActiveCfg = Debug|Win32
		{E73D4DDF-2EB8-499B-9468-C8A7770734D7}.Debug|Mixed Platforms.ActiveCfg = Debug|Win32
		{E73D4DDF-2EB8-499B-9468-C8A7770734D7}.Debug|Mixed Platforms.Build.0 = Debug|Win32
		{E73D4DDF-2EB8-499B-9468-C8A7770734D7}.Debug|Win32.ActiveCfg = Debug|Win32
		{E73D4DDF-2EB8-499B-9468-C8A7770734D7}.Debug|Win32.Build.0 = Debug|Win32
		{E73D4DDF-2EB8-499B-9468-C8A7770734D7}.Release|Any CPU.ActiveCfg = Release|Win32
		{E73D4DDF-2EB8-499B-9468-C8A7770734D7}.Release|Mixed Platforms.ActiveCfg = Release|Win32
		{E73D4DDF-2EB8-499B-9468-C8A7770734D7}.Release|Mixed Platforms.Build.0 = Release|Win32
		{E73D4DDF-2EB8-499B-9468-C8A7770734D7}.Release|Win32.ActiveCfg = Release|Win32
		{E73D4DDF-2EB8-499B-9468-C8A7770734D7}.Release|Win32.Build.0 = Release|Win32
	EndGlobalSection
	GlobalSection(SolutionProperties) = preSolution
		HideSolutionNode = FALSE
	EndGlobalSection
EndGlobal
