
Microsoft Visual Studio Solution File, Format Version 10.00
# Visual Studio 2008
Project("{8BC9CEB8-8B4A-11D0-8D11-00A0C91BC942}") = "vtk01", "vtk01\vtk01.vcproj", "{EF89E39C-A97C-4B1F-A681-09F2FBDB9D1B}"
EndProject
Project("{8BC9CEB8-8B4A-11D0-8D11-00A0C91BC942}") = "vtk02", "vtk02\vtk02.vcproj", "{7487603B-AB21-4D05-B5CE-801829ABE158}"
EndProject
Global
	GlobalSection(SolutionConfigurationPlatforms) = preSolution
		Debug|Win32 = Debug|Win32
		Release|Win32 = Release|Win32
	EndGlobalSection
	GlobalSection(ProjectConfigurationPlatforms) = postSolution
		{EF89E39C-A97C-4B1F-A681-09F2FBDB9D1B}.Debug|Win32.ActiveCfg = Debug|Win32
		{EF89E39C-A97C-4B1F-A681-09F2FBDB9D1B}.Debug|Win32.Build.0 = Debug|Win32
		{EF89E39C-A97C-4B1F-A681-09F2FBDB9D1B}.Release|Win32.ActiveCfg = Release|Win32
		{EF89E39C-A97C-4B1F-A681-09F2FBDB9D1B}.Release|Win32.Build.0 = Release|Win32
		{7487603B-AB21-4D05-B5CE-801829ABE158}.Debug|Win32.ActiveCfg = Debug|Win32
		{7487603B-AB21-4D05-B5CE-801829ABE158}.Debug|Win32.Build.0 = Debug|Win32
		{7487603B-AB21-4D05-B5CE-801829ABE158}.Release|Win32.ActiveCfg = Release|Win32
		{7487603B-AB21-4D05-B5CE-801829ABE158}.Release|Win32.Build.0 = Release|Win32
	EndGlobalSection
	GlobalSection(SolutionProperties) = preSolution
		HideSolutionNode = FALSE
	EndGlobalSection
EndGlobal
